
Microsoft Visual Studio Solution File, Format Version 12.00
# Visual Studio Version 16
VisualStudioVersion = 16.0.31112.23
MinimumVisualStudioVersion = 10.0.40219.1
Project("{FAE04EC0-301F-11D3-BF4B-00C04F79EFBC}") = "CipherEx", "CipherEx.csproj", "{21C393AC-FF90-48B7-894D-8613C09D988D}"
EndProject
Global
	GlobalSection(SolutionConfigurationPlatforms) = preSolution
		Debug|Any CPU = Debug|Any CPU
		Release|Any CPU = Release|Any CPU
	EndGlobalSection
	GlobalSection(ProjectConfigurationPlatforms) = postSolution
		{21C393AC-FF90-48B7-894D-8613C09D988D}.Debug|Any CPU.ActiveCfg = Debug|Any CPU
		{21C393AC-FF90-48B7-894D-8613C09D988D}.Debug|Any CPU.Build.0 = Debug|Any CPU
		{21C393AC-FF90-48B7-894D-8613C09D988D}.Release|Any CPU.ActiveCfg = Release|Any CPU
		{21C393AC-FF90-48B7-894D-8613C09D988D}.Release|Any CPU.Build.0 = Release|Any CPU
	EndGlobalSection
	GlobalSection(SolutionProperties) = preSolution
		HideSolutionNode = FALSE
	EndGlobalSection
	GlobalSection(ExtensibilityGlobals) = postSolution
		SolutionGuid = {AB4CFD49-8998-4652-846A-1272F6AD3930}
	EndGlobalSection
EndGlobal
